
Microsoft Visual Studio Solution File, Format Version 12.00
# Visual Studio 15
VisualStudioVersion = 15.0.27004.2010
MinimumVisualStudioVersion = 10.0.40219.1
Project("{FAE04EC0-301F-11D3-BF4B-00C04F79EFBC}") = "InterswitchDemoAsp", "InterswitchDemoAsp\InterswitchDemoAsp.csproj", "{CEDC85C9-136E-4485-A21F-3D9A6BF6C9FA}"
EndProject
Global
	GlobalSection(SolutionConfigurationPlatforms) = preSolution
		Debug|Any CPU = Debug|Any CPU
		Release|Any CPU = Release|Any CPU
	EndGlobalSection
	GlobalSection(ProjectConfigurationPlatforms) = postSolution
		{CEDC85C9-136E-4485-A21F-3D9A6BF6C9FA}.Debug|Any CPU.ActiveCfg = Debug|Any CPU
		{CEDC85C9-136E-4485-A21F-3D9A6BF6C9FA}.Debug|Any CPU.Build.0 = Debug|Any CPU
		{CEDC85C9-136E-4485-A21F-3D9A6BF6C9FA}.Release|Any CPU.ActiveCfg = Release|Any CPU
		{CEDC85C9-136E-4485-A21F-3D9A6BF6C9FA}.Release|Any CPU.Build.0 = Release|Any CPU
	EndGlobalSection
	GlobalSection(SolutionProperties) = preSolution
		HideSolutionNode = FALSE
	EndGlobalSection
	GlobalSection(ExtensibilityGlobals) = postSolution
		SolutionGuid = {635CE37E-6167-4BB3-A9A2-87C788BB732D}
	EndGlobalSection
EndGlobal
